
Microsoft Visual Studio Solution File, Format Version 12.00
# Visual Studio Version 17
Project("{2150E333-8FDC-42A3-9474-1A3956D46DE8}") = "CMakePredefinedTargets", "CMakePredefinedTargets", "{DA18DE26-FF7D-3C75-A8C0-8BE3BE6C5383}"
EndProject
Project("{8BC9CEB8-8B4A-11D0-8D11-00A0C91BC942}") = "ALL_BUILD", "ALL_BUILD.vcxproj", "{18174015-F1CF-362E-BDE9-5BF756F52DBB}"
	ProjectSection(ProjectDependencies) = postProject
		{D42C158A-A2D8-3656-8D5F-9671B3BE2BA3} = {D42C158A-A2D8-3656-8D5F-9671B3BE2BA3}
		{1B5C8195-934C-3FC7-8DE9-48D9DFFEFFA7} = {1B5C8195-934C-3FC7-8DE9-48D9DFFEFFA7}
	EndProjectSection
EndProject
Project("{8BC9CEB8-8B4A-11D0-8D11-00A0C91BC942}") = "INSTALL", "INSTALL.vcxproj", "{7A86F841-565E-34FD-840D-88CB76940849}"
	ProjectSection(ProjectDependencies) = postProject
		{18174015-F1CF-362E-BDE9-5BF756F52DBB} = {18174015-F1CF-362E-BDE9-5BF756F52DBB}
		{D42C158A-A2D8-3656-8D5F-9671B3BE2BA3} = {D42C158A-A2D8-3656-8D5F-9671B3BE2BA3}
	EndProjectSection
EndProject
Project("{8BC9CEB8-8B4A-11D0-8D11-00A0C91BC942}") = "PACKAGE", "PACKAGE.vcxproj", "{719DCA16-46B8-3E2B-8A89-FC692CFCDDFC}"
	ProjectSection(ProjectDependencies) = postProject
		{18174015-F1CF-362E-BDE9-5BF756F52DBB} = {18174015-F1CF-362E-BDE9-5BF756F52DBB}
		{D42C158A-A2D8-3656-8D5F-9671B3BE2BA3} = {D42C158A-A2D8-3656-8D5F-9671B3BE2BA3}
	EndProjectSection
EndProject
Project("{8BC9CEB8-8B4A-11D0-8D11-00A0C91BC942}") = "RUN_TESTS", "RUN_TESTS.vcxproj", "{0C8FBBE3-6D9D-3857-89D9-6E870908DFE5}"
	ProjectSection(ProjectDependencies) = postProject
		{D42C158A-A2D8-3656-8D5F-9671B3BE2BA3} = {D42C158A-A2D8-3656-8D5F-9671B3BE2BA3}
	EndProjectSection
EndProject
Project("{8BC9CEB8-8B4A-11D0-8D11-00A0C91BC942}") = "ZERO_CHECK", "..\\ZERO_CHECK.vcxproj", "{D42C158A-A2D8-3656-8D5F-9671B3BE2BA3}"
	ProjectSection(ProjectDependencies) = postProject
	EndProjectSection
EndProject
Project("{8BC9CEB8-8B4A-11D0-8D11-00A0C91BC942}") = "opus", "opus.vcxproj", "{1B5C8195-934C-3FC7-8DE9-48D9DFFEFFA7}"
	ProjectSection(ProjectDependencies) = postProject
		{D42C158A-A2D8-3656-8D5F-9671B3BE2BA3} = {D42C158A-A2D8-3656-8D5F-9671B3BE2BA3}
	EndProjectSection
EndProject
Global
	GlobalSection(SolutionConfigurationPlatforms) = preSolution
		Debug|x64 = Debug|x64
		Release|x64 = Release|x64
		MinSizeRel|x64 = MinSizeRel|x64
		RelWithDebInfo|x64 = RelWithDebInfo|x64
	EndGlobalSection
	GlobalSection(ProjectConfigurationPlatforms) = postSolution
		{18174015-F1CF-362E-BDE9-5BF756F52DBB}.Debug|x64.ActiveCfg = Debug|x64
		{18174015-F1CF-362E-BDE9-5BF756F52DBB}.Debug|x64.Build.0 = Debug|x64
		{18174015-F1CF-362E-BDE9-5BF756F52DBB}.Release|x64.ActiveCfg = Release|x64
		{18174015-F1CF-362E-BDE9-5BF756F52DBB}.Release|x64.Build.0 = Release|x64
		{18174015-F1CF-362E-BDE9-5BF756F52DBB}.MinSizeRel|x64.ActiveCfg = MinSizeRel|x64
		{18174015-F1CF-362E-BDE9-5BF756F52DBB}.MinSizeRel|x64.Build.0 = MinSizeRel|x64
		{18174015-F1CF-362E-BDE9-5BF756F52DBB}.RelWithDebInfo|x64.ActiveCfg = RelWithDebInfo|x64
		{18174015-F1CF-362E-BDE9-5BF756F52DBB}.RelWithDebInfo|x64.Build.0 = RelWithDebInfo|x64
		{7A86F841-565E-34FD-840D-88CB76940849}.Debug|x64.ActiveCfg = Debug|x64
		{7A86F841-565E-34FD-840D-88CB76940849}.Release|x64.ActiveCfg = Release|x64
		{7A86F841-565E-34FD-840D-88CB76940849}.MinSizeRel|x64.ActiveCfg = MinSizeRel|x64
		{7A86F841-565E-34FD-840D-88CB76940849}.RelWithDebInfo|x64.ActiveCfg = RelWithDebInfo|x64
		{719DCA16-46B8-3E2B-8A89-FC692CFCDDFC}.Debug|x64.ActiveCfg = Debug|x64
		{719DCA16-46B8-3E2B-8A89-FC692CFCDDFC}.Release|x64.ActiveCfg = Release|x64
		{719DCA16-46B8-3E2B-8A89-FC692CFCDDFC}.MinSizeRel|x64.ActiveCfg = MinSizeRel|x64
		{719DCA16-46B8-3E2B-8A89-FC692CFCDDFC}.RelWithDebInfo|x64.ActiveCfg = RelWithDebInfo|x64
		{0C8FBBE3-6D9D-3857-89D9-6E870908DFE5}.Debug|x64.ActiveCfg = Debug|x64
		{0C8FBBE3-6D9D-3857-89D9-6E870908DFE5}.Release|x64.ActiveCfg = Release|x64
		{0C8FBBE3-6D9D-3857-89D9-6E870908DFE5}.MinSizeRel|x64.ActiveCfg = MinSizeRel|x64
		{0C8FBBE3-6D9D-3857-89D9-6E870908DFE5}.RelWithDebInfo|x64.ActiveCfg = RelWithDebInfo|x64
		{D42C158A-A2D8-3656-8D5F-9671B3BE2BA3}.Debug|x64.ActiveCfg = Debug|x64
		{D42C158A-A2D8-3656-8D5F-9671B3BE2BA3}.Debug|x64.Build.0 = Debug|x64
		{D42C158A-A2D8-3656-8D5F-9671B3BE2BA3}.Release|x64.ActiveCfg = Release|x64
		{D42C158A-A2D8-3656-8D5F-9671B3BE2BA3}.Release|x64.Build.0 = Release|x64
		{D42C158A-A2D8-3656-8D5F-9671B3BE2BA3}.MinSizeRel|x64.ActiveCfg = MinSizeRel|x64
		{D42C158A-A2D8-3656-8D5F-9671B3BE2BA3}.MinSizeRel|x64.Build.0 = MinSizeRel|x64
		{D42C158A-A2D8-3656-8D5F-9671B3BE2BA3}.RelWithDebInfo|x64.ActiveCfg = RelWithDebInfo|x64
		{D42C158A-A2D8-3656-8D5F-9671B3BE2BA3}.RelWithDebInfo|x64.Build.0 = RelWithDebInfo|x64
		{1B5C8195-934C-3FC7-8DE9-48D9DFFEFFA7}.Debug|x64.ActiveCfg = Debug|x64
		{1B5C8195-934C-3FC7-8DE9-48D9DFFEFFA7}.Debug|x64.Build.0 = Debug|x64
		{1B5C8195-934C-3FC7-8DE9-48D9DFFEFFA7}.Release|x64.ActiveCfg = Release|x64
		{1B5C8195-934C-3FC7-8DE9-48D9DFFEFFA7}.Release|x64.Build.0 = Release|x64
		{1B5C8195-934C-3FC7-8DE9-48D9DFFEFFA7}.MinSizeRel|x64.ActiveCfg = MinSizeRel|x64
		{1B5C8195-934C-3FC7-8DE9-48D9DFFEFFA7}.MinSizeRel|x64.Build.0 = MinSizeRel|x64
		{1B5C8195-934C-3FC7-8DE9-48D9DFFEFFA7}.RelWithDebInfo|x64.ActiveCfg = RelWithDebInfo|x64
		{1B5C8195-934C-3FC7-8DE9-48D9DFFEFFA7}.RelWithDebInfo|x64.Build.0 = RelWithDebInfo|x64
	EndGlobalSection
	GlobalSection(NestedProjects) = preSolution
		{18174015-F1CF-362E-BDE9-5BF756F52DBB} = {DA18DE26-FF7D-3C75-A8C0-8BE3BE6C5383}
		{7A86F841-565E-34FD-840D-88CB76940849} = {DA18DE26-FF7D-3C75-A8C0-8BE3BE6C5383}
		{719DCA16-46B8-3E2B-8A89-FC692CFCDDFC} = {DA18DE26-FF7D-3C75-A8C0-8BE3BE6C5383}
		{0C8FBBE3-6D9D-3857-89D9-6E870908DFE5} = {DA18DE26-FF7D-3C75-A8C0-8BE3BE6C5383}
		{D42C158A-A2D8-3656-8D5F-9671B3BE2BA3} = {DA18DE26-FF7D-3C75-A8C0-8BE3BE6C5383}
	EndGlobalSection
	GlobalSection(ExtensibilityGlobals) = postSolution
		SolutionGuid = {2C0160D8-3158-3A28-BC08-1420063E4F9C}
	EndGlobalSection
	GlobalSection(ExtensibilityAddIns) = postSolution
	EndGlobalSection
EndGlobal
