
Microsoft Visual Studio Solution File, Format Version 12.00
# Visual Studio Version 17
Project("{2150E333-8FDC-42A3-9474-1A3956D46DE8}") = "CMakePredefinedTargets", "CMakePredefinedTargets", "{DA18DE26-FF7D-3C75-A8C0-8BE3BE6C5383}"
EndProject
Project("{8BC9CEB8-8B4A-11D0-8D11-00A0C91BC942}") = "ALL_BUILD", "ALL_BUILD.vcxproj", "{18174015-F1CF-362E-BDE9-5BF756F52DBB}"
	ProjectSection(ProjectDependencies) = postProject
		{D42C158A-A2D8-3656-8D5F-9671B3BE2BA3} = {D42C158A-A2D8-3656-8D5F-9671B3BE2BA3}
		{C93982F9-EBD9-3B2F-AACE-E67465D97607} = {C93982F9-EBD9-3B2F-AACE-E67465D97607}
		{72D43CD0-692A-30A9-8A22-4F3E8CD9F734} = {72D43CD0-692A-30A9-8A22-4F3E8CD9F734}
		{8E50BAA3-CD0B-3B22-8F82-87F25DBBF21B} = {8E50BAA3-CD0B-3B22-8F82-87F25DBBF21B}
	EndProjectSection
EndProject
Project("{8BC9CEB8-8B4A-11D0-8D11-00A0C91BC942}") = "INSTALL", "INSTALL.vcxproj", "{7A86F841-565E-34FD-840D-88CB76940849}"
	ProjectSection(ProjectDependencies) = postProject
		{18174015-F1CF-362E-BDE9-5BF756F52DBB} = {18174015-F1CF-362E-BDE9-5BF756F52DBB}
		{D42C158A-A2D8-3656-8D5F-9671B3BE2BA3} = {D42C158A-A2D8-3656-8D5F-9671B3BE2BA3}
	EndProjectSection
EndProject
Project("{8BC9CEB8-8B4A-11D0-8D11-00A0C91BC942}") = "PACKAGE", "PACKAGE.vcxproj", "{719DCA16-46B8-3E2B-8A89-FC692CFCDDFC}"
	ProjectSection(ProjectDependencies) = postProject
		{18174015-F1CF-362E-BDE9-5BF756F52DBB} = {18174015-F1CF-362E-BDE9-5BF756F52DBB}
		{D42C158A-A2D8-3656-8D5F-9671B3BE2BA3} = {D42C158A-A2D8-3656-8D5F-9671B3BE2BA3}
	EndProjectSection
EndProject
Project("{8BC9CEB8-8B4A-11D0-8D11-00A0C91BC942}") = "RUN_TESTS", "RUN_TESTS.vcxproj", "{0C8FBBE3-6D9D-3857-89D9-6E870908DFE5}"
	ProjectSection(ProjectDependencies) = postProject
		{D42C158A-A2D8-3656-8D5F-9671B3BE2BA3} = {D42C158A-A2D8-3656-8D5F-9671B3BE2BA3}
	EndProjectSection
EndProject
Project("{8BC9CEB8-8B4A-11D0-8D11-00A0C91BC942}") = "ZERO_CHECK", "..\\ZERO_CHECK.vcxproj", "{D42C158A-A2D8-3656-8D5F-9671B3BE2BA3}"
	ProjectSection(ProjectDependencies) = postProject
	EndProjectSection
EndProject
Project("{8BC9CEB8-8B4A-11D0-8D11-00A0C91BC942}") = "warpnect_apidoc", "warpnect_apidoc.vcxproj", "{8953BD22-A56A-3571-8961-E11953891619}"
	ProjectSection(ProjectDependencies) = postProject
		{D42C158A-A2D8-3656-8D5F-9671B3BE2BA3} = {D42C158A-A2D8-3656-8D5F-9671B3BE2BA3}
	EndProjectSection
EndProject
Project("{8BC9CEB8-8B4A-11D0-8D11-00A0C91BC942}") = "warpnect_everest", "3rdparty\everest\warpnect_everest.vcxproj", "{C93982F9-EBD9-3B2F-AACE-E67465D97607}"
	ProjectSection(ProjectDependencies) = postProject
		{D42C158A-A2D8-3656-8D5F-9671B3BE2BA3} = {D42C158A-A2D8-3656-8D5F-9671B3BE2BA3}
	EndProjectSection
EndProject
Project("{8BC9CEB8-8B4A-11D0-8D11-00A0C91BC942}") = "warpnect_lib", "library\warpnect_lib.vcxproj", "{556C4ECC-D223-399B-BDF7-0B30AE311FA4}"
	ProjectSection(ProjectDependencies) = postProject
		{D42C158A-A2D8-3656-8D5F-9671B3BE2BA3} = {D42C158A-A2D8-3656-8D5F-9671B3BE2BA3}
		{72D43CD0-692A-30A9-8A22-4F3E8CD9F734} = {72D43CD0-692A-30A9-8A22-4F3E8CD9F734}
		{5228265E-C110-3A8A-8273-BC7C5234DC8D} = {5228265E-C110-3A8A-8273-BC7C5234DC8D}
		{0FE78383-9D44-33D0-B299-829A855585DC} = {0FE78383-9D44-33D0-B299-829A855585DC}
	EndProjectSection
EndProject
Project("{8BC9CEB8-8B4A-11D0-8D11-00A0C91BC942}") = "warpnect_mbedcrypto", "library\warpnect_mbedcrypto.vcxproj", "{72D43CD0-692A-30A9-8A22-4F3E8CD9F734}"
	ProjectSection(ProjectDependencies) = postProject
		{D42C158A-A2D8-3656-8D5F-9671B3BE2BA3} = {D42C158A-A2D8-3656-8D5F-9671B3BE2BA3}
		{C93982F9-EBD9-3B2F-AACE-E67465D97607} = {C93982F9-EBD9-3B2F-AACE-E67465D97607}
		{8E50BAA3-CD0B-3B22-8F82-87F25DBBF21B} = {8E50BAA3-CD0B-3B22-8F82-87F25DBBF21B}
	EndProjectSection
EndProject
Project("{8BC9CEB8-8B4A-11D0-8D11-00A0C91BC942}") = "warpnect_mbedtls", "library\warpnect_mbedtls.vcxproj", "{5228265E-C110-3A8A-8273-BC7C5234DC8D}"
	ProjectSection(ProjectDependencies) = postProject
		{D42C158A-A2D8-3656-8D5F-9671B3BE2BA3} = {D42C158A-A2D8-3656-8D5F-9671B3BE2BA3}
		{C93982F9-EBD9-3B2F-AACE-E67465D97607} = {C93982F9-EBD9-3B2F-AACE-E67465D97607}
		{72D43CD0-692A-30A9-8A22-4F3E8CD9F734} = {72D43CD0-692A-30A9-8A22-4F3E8CD9F734}
		{0FE78383-9D44-33D0-B299-829A855585DC} = {0FE78383-9D44-33D0-B299-829A855585DC}
		{8E50BAA3-CD0B-3B22-8F82-87F25DBBF21B} = {8E50BAA3-CD0B-3B22-8F82-87F25DBBF21B}
	EndProjectSection
EndProject
Project("{8BC9CEB8-8B4A-11D0-8D11-00A0C91BC942}") = "warpnect_mbedx509", "library\warpnect_mbedx509.vcxproj", "{0FE78383-9D44-33D0-B299-829A855585DC}"
	ProjectSection(ProjectDependencies) = postProject
		{D42C158A-A2D8-3656-8D5F-9671B3BE2BA3} = {D42C158A-A2D8-3656-8D5F-9671B3BE2BA3}
		{C93982F9-EBD9-3B2F-AACE-E67465D97607} = {C93982F9-EBD9-3B2F-AACE-E67465D97607}
		{72D43CD0-692A-30A9-8A22-4F3E8CD9F734} = {72D43CD0-692A-30A9-8A22-4F3E8CD9F734}
		{8E50BAA3-CD0B-3B22-8F82-87F25DBBF21B} = {8E50BAA3-CD0B-3B22-8F82-87F25DBBF21B}
	EndProjectSection
EndProject
Project("{8BC9CEB8-8B4A-11D0-8D11-00A0C91BC942}") = "warpnect_p256m", "3rdparty\p256-m\warpnect_p256m.vcxproj", "{8E50BAA3-CD0B-3B22-8F82-87F25DBBF21B}"
	ProjectSection(ProjectDependencies) = postProject
		{D42C158A-A2D8-3656-8D5F-9671B3BE2BA3} = {D42C158A-A2D8-3656-8D5F-9671B3BE2BA3}
	EndProjectSection
EndProject
Global
	GlobalSection(SolutionConfigurationPlatforms) = preSolution
		Debug|x64 = Debug|x64
		Release|x64 = Release|x64
		MinSizeRel|x64 = MinSizeRel|x64
		RelWithDebInfo|x64 = RelWithDebInfo|x64
	EndGlobalSection
	GlobalSection(ProjectConfigurationPlatforms) = postSolution
		{18174015-F1CF-362E-BDE9-5BF756F52DBB}.Debug|x64.ActiveCfg = Debug|x64
		{18174015-F1CF-362E-BDE9-5BF756F52DBB}.Debug|x64.Build.0 = Debug|x64
		{18174015-F1CF-362E-BDE9-5BF756F52DBB}.Release|x64.ActiveCfg = Release|x64
		{18174015-F1CF-362E-BDE9-5BF756F52DBB}.Release|x64.Build.0 = Release|x64
		{18174015-F1CF-362E-BDE9-5BF756F52DBB}.MinSizeRel|x64.ActiveCfg = MinSizeRel|x64
		{18174015-F1CF-362E-BDE9-5BF756F52DBB}.MinSizeRel|x64.Build.0 = MinSizeRel|x64
		{18174015-F1CF-362E-BDE9-5BF756F52DBB}.RelWithDebInfo|x64.ActiveCfg = RelWithDebInfo|x64
		{18174015-F1CF-362E-BDE9-5BF756F52DBB}.RelWithDebInfo|x64.Build.0 = RelWithDebInfo|x64
		{7A86F841-565E-34FD-840D-88CB76940849}.Debug|x64.ActiveCfg = Debug|x64
		{7A86F841-565E-34FD-840D-88CB76940849}.Release|x64.ActiveCfg = Release|x64
		{7A86F841-565E-34FD-840D-88CB76940849}.MinSizeRel|x64.ActiveCfg = MinSizeRel|x64
		{7A86F841-565E-34FD-840D-88CB76940849}.RelWithDebInfo|x64.ActiveCfg = RelWithDebInfo|x64
		{719DCA16-46B8-3E2B-8A89-FC692CFCDDFC}.Debug|x64.ActiveCfg = Debug|x64
		{719DCA16-46B8-3E2B-8A89-FC692CFCDDFC}.Release|x64.ActiveCfg = Release|x64
		{719DCA16-46B8-3E2B-8A89-FC692CFCDDFC}.MinSizeRel|x64.ActiveCfg = MinSizeRel|x64
		{719DCA16-46B8-3E2B-8A89-FC692CFCDDFC}.RelWithDebInfo|x64.ActiveCfg = RelWithDebInfo|x64
		{0C8FBBE3-6D9D-3857-89D9-6E870908DFE5}.Debug|x64.ActiveCfg = Debug|x64
		{0C8FBBE3-6D9D-3857-89D9-6E870908DFE5}.Release|x64.ActiveCfg = Release|x64
		{0C8FBBE3-6D9D-3857-89D9-6E870908DFE5}.MinSizeRel|x64.ActiveCfg = MinSizeRel|x64
		{0C8FBBE3-6D9D-3857-89D9-6E870908DFE5}.RelWithDebInfo|x64.ActiveCfg = RelWithDebInfo|x64
		{D42C158A-A2D8-3656-8D5F-9671B3BE2BA3}.Debug|x64.ActiveCfg = Debug|x64
		{D42C158A-A2D8-3656-8D5F-9671B3BE2BA3}.Debug|x64.Build.0 = Debug|x64
		{D42C158A-A2D8-3656-8D5F-9671B3BE2BA3}.Release|x64.ActiveCfg = Release|x64
		{D42C158A-A2D8-3656-8D5F-9671B3BE2BA3}.Release|x64.Build.0 = Release|x64
		{D42C158A-A2D8-3656-8D5F-9671B3BE2BA3}.MinSizeRel|x64.ActiveCfg = MinSizeRel|x64
		{D42C158A-A2D8-3656-8D5F-9671B3BE2BA3}.MinSizeRel|x64.Build.0 = MinSizeRel|x64
		{D42C158A-A2D8-3656-8D5F-9671B3BE2BA3}.RelWithDebInfo|x64.ActiveCfg = RelWithDebInfo|x64
		{D42C158A-A2D8-3656-8D5F-9671B3BE2BA3}.RelWithDebInfo|x64.Build.0 = RelWithDebInfo|x64
		{8953BD22-A56A-3571-8961-E11953891619}.Debug|x64.ActiveCfg = Debug|x64
		{8953BD22-A56A-3571-8961-E11953891619}.Release|x64.ActiveCfg = Release|x64
		{8953BD22-A56A-3571-8961-E11953891619}.MinSizeRel|x64.ActiveCfg = MinSizeRel|x64
		{8953BD22-A56A-3571-8961-E11953891619}.RelWithDebInfo|x64.ActiveCfg = RelWithDebInfo|x64
		{C93982F9-EBD9-3B2F-AACE-E67465D97607}.Debug|x64.ActiveCfg = Debug|x64
		{C93982F9-EBD9-3B2F-AACE-E67465D97607}.Debug|x64.Build.0 = Debug|x64
		{C93982F9-EBD9-3B2F-AACE-E67465D97607}.Release|x64.ActiveCfg = Release|x64
		{C93982F9-EBD9-3B2F-AACE-E67465D97607}.Release|x64.Build.0 = Release|x64
		{C93982F9-EBD9-3B2F-AACE-E67465D97607}.MinSizeRel|x64.ActiveCfg = MinSizeRel|x64
		{C93982F9-EBD9-3B2F-AACE-E67465D97607}.MinSizeRel|x64.Build.0 = MinSizeRel|x64
		{C93982F9-EBD9-3B2F-AACE-E67465D97607}.RelWithDebInfo|x64.ActiveCfg = RelWithDebInfo|x64
		{C93982F9-EBD9-3B2F-AACE-E67465D97607}.RelWithDebInfo|x64.Build.0 = RelWithDebInfo|x64
		{556C4ECC-D223-399B-BDF7-0B30AE311FA4}.Debug|x64.ActiveCfg = Debug|x64
		{556C4ECC-D223-399B-BDF7-0B30AE311FA4}.Release|x64.ActiveCfg = Release|x64
		{556C4ECC-D223-399B-BDF7-0B30AE311FA4}.MinSizeRel|x64.ActiveCfg = MinSizeRel|x64
		{556C4ECC-D223-399B-BDF7-0B30AE311FA4}.RelWithDebInfo|x64.ActiveCfg = RelWithDebInfo|x64
		{72D43CD0-692A-30A9-8A22-4F3E8CD9F734}.Debug|x64.ActiveCfg = Debug|x64
		{72D43CD0-692A-30A9-8A22-4F3E8CD9F734}.Debug|x64.Build.0 = Debug|x64
		{72D43CD0-692A-30A9-8A22-4F3E8CD9F734}.Release|x64.ActiveCfg = Release|x64
		{72D43CD0-692A-30A9-8A22-4F3E8CD9F734}.Release|x64.Build.0 = Release|x64
		{72D43CD0-692A-30A9-8A22-4F3E8CD9F734}.MinSizeRel|x64.ActiveCfg = MinSizeRel|x64
		{72D43CD0-692A-30A9-8A22-4F3E8CD9F734}.MinSizeRel|x64.Build.0 = MinSizeRel|x64
		{72D43CD0-692A-30A9-8A22-4F3E8CD9F734}.RelWithDebInfo|x64.ActiveCfg = RelWithDebInfo|x64
		{72D43CD0-692A-30A9-8A22-4F3E8CD9F734}.RelWithDebInfo|x64.Build.0 = RelWithDebInfo|x64
		{5228265E-C110-3A8A-8273-BC7C5234DC8D}.Debug|x64.ActiveCfg = Debug|x64
		{5228265E-C110-3A8A-8273-BC7C5234DC8D}.Debug|x64.Build.0 = Debug|x64
		{5228265E-C110-3A8A-8273-BC7C5234DC8D}.Release|x64.ActiveCfg = Release|x64
		{5228265E-C110-3A8A-8273-BC7C5234DC8D}.Release|x64.Build.0 = Release|x64
		{5228265E-C110-3A8A-8273-BC7C5234DC8D}.MinSizeRel|x64.ActiveCfg = MinSizeRel|x64
		{5228265E-C110-3A8A-8273-BC7C5234DC8D}.MinSizeRel|x64.Build.0 = MinSizeRel|x64
		{5228265E-C110-3A8A-8273-BC7C5234DC8D}.RelWithDebInfo|x64.ActiveCfg = RelWithDebInfo|x64
		{5228265E-C110-3A8A-8273-BC7C5234DC8D}.RelWithDebInfo|x64.Build.0 = RelWithDebInfo|x64
		{0FE78383-9D44-33D0-B299-829A855585DC}.Debug|x64.ActiveCfg = Debug|x64
		{0FE78383-9D44-33D0-B299-829A855585DC}.Debug|x64.Build.0 = Debug|x64
		{0FE78383-9D44-33D0-B299-829A855585DC}.Release|x64.ActiveCfg = Release|x64
		{0FE78383-9D44-33D0-B299-829A855585DC}.Release|x64.Build.0 = Release|x64
		{0FE78383-9D44-33D0-B299-829A855585DC}.MinSizeRel|x64.ActiveCfg = MinSizeRel|x64
		{0FE78383-9D44-33D0-B299-829A855585DC}.MinSizeRel|x64.Build.0 = MinSizeRel|x64
		{0FE78383-9D44-33D0-B299-829A855585DC}.RelWithDebInfo|x64.ActiveCfg = RelWithDebInfo|x64
		{0FE78383-9D44-33D0-B299-829A855585DC}.RelWithDebInfo|x64.Build.0 = RelWithDebInfo|x64
		{8E50BAA3-CD0B-3B22-8F82-87F25DBBF21B}.Debug|x64.ActiveCfg = Debug|x64
		{8E50BAA3-CD0B-3B22-8F82-87F25DBBF21B}.Debug|x64.Build.0 = Debug|x64
		{8E50BAA3-CD0B-3B22-8F82-87F25DBBF21B}.Release|x64.ActiveCfg = Release|x64
		{8E50BAA3-CD0B-3B22-8F82-87F25DBBF21B}.Release|x64.Build.0 = Release|x64
		{8E50BAA3-CD0B-3B22-8F82-87F25DBBF21B}.MinSizeRel|x64.ActiveCfg = MinSizeRel|x64
		{8E50BAA3-CD0B-3B22-8F82-87F25DBBF21B}.MinSizeRel|x64.Build.0 = MinSizeRel|x64
		{8E50BAA3-CD0B-3B22-8F82-87F25DBBF21B}.RelWithDebInfo|x64.ActiveCfg = RelWithDebInfo|x64
		{8E50BAA3-CD0B-3B22-8F82-87F25DBBF21B}.RelWithDebInfo|x64.Build.0 = RelWithDebInfo|x64
	EndGlobalSection
	GlobalSection(NestedProjects) = preSolution
		{18174015-F1CF-362E-BDE9-5BF756F52DBB} = {DA18DE26-FF7D-3C75-A8C0-8BE3BE6C5383}
		{7A86F841-565E-34FD-840D-88CB76940849} = {DA18DE26-FF7D-3C75-A8C0-8BE3BE6C5383}
		{719DCA16-46B8-3E2B-8A89-FC692CFCDDFC} = {DA18DE26-FF7D-3C75-A8C0-8BE3BE6C5383}
		{0C8FBBE3-6D9D-3857-89D9-6E870908DFE5} = {DA18DE26-FF7D-3C75-A8C0-8BE3BE6C5383}
		{D42C158A-A2D8-3656-8D5F-9671B3BE2BA3} = {DA18DE26-FF7D-3C75-A8C0-8BE3BE6C5383}
	EndGlobalSection
	GlobalSection(ExtensibilityGlobals) = postSolution
		SolutionGuid = {B7A66119-236D-34C1-AF4B-7C79075FDE07}
	EndGlobalSection
	GlobalSection(ExtensibilityAddIns) = postSolution
	EndGlobalSection
EndGlobal
